
Microsoft Visual Studio Solution File, Format Version 12.00
# Visual Studio 2015
Project("{FAE04EC0-301F-11D3-BF4B-00C04F79EFBC}") = "Ship Wreck Cove.Plugins", "Ship Wreck Cove.Plugins.csproj", "{DB6D58FE-709B-C5F5-28FA-4DB93D4F0B52}"
EndProject
Project("{FAE04EC0-301F-11D3-BF4B-00C04F79EFBC}") = "Ship Wreck Cove", "Ship Wreck Cove.csproj", "{2D0176DE-9236-8C7D-7BBB-3B75DAC3FBC3}"
EndProject
Project("{FAE04EC0-301F-11D3-BF4B-00C04F79EFBC}") = "Ship Wreck Cove.Editor", "Ship Wreck Cove.Editor.csproj", "{D225A642-5820-D4DE-1402-411124847551}"
EndProject
Global
	GlobalSection(SolutionConfigurationPlatforms) = preSolution
		Debug|Any CPU = Debug|Any CPU
		Release|Any CPU = Release|Any CPU
	EndGlobalSection
	GlobalSection(ProjectConfigurationPlatforms) = postSolution
		{DB6D58FE-709B-C5F5-28FA-4DB93D4F0B52}.Debug|Any CPU.ActiveCfg = Debug|Any CPU
		{DB6D58FE-709B-C5F5-28FA-4DB93D4F0B52}.Debug|Any CPU.Build.0 = Debug|Any CPU
		{DB6D58FE-709B-C5F5-28FA-4DB93D4F0B52}.Release|Any CPU.ActiveCfg = Release|Any CPU
		{DB6D58FE-709B-C5F5-28FA-4DB93D4F0B52}.Release|Any CPU.Build.0 = Release|Any CPU
		{2D0176DE-9236-8C7D-7BBB-3B75DAC3FBC3}.Debug|Any CPU.ActiveCfg = Debug|Any CPU
		{2D0176DE-9236-8C7D-7BBB-3B75DAC3FBC3}.Debug|Any CPU.Build.0 = Debug|Any CPU
		{2D0176DE-9236-8C7D-7BBB-3B75DAC3FBC3}.Release|Any CPU.ActiveCfg = Release|Any CPU
		{2D0176DE-9236-8C7D-7BBB-3B75DAC3FBC3}.Release|Any CPU.Build.0 = Release|Any CPU
		{D225A642-5820-D4DE-1402-411124847551}.Debug|Any CPU.ActiveCfg = Debug|Any CPU
		{D225A642-5820-D4DE-1402-411124847551}.Debug|Any CPU.Build.0 = Debug|Any CPU
		{D225A642-5820-D4DE-1402-411124847551}.Release|Any CPU.ActiveCfg = Release|Any CPU
		{D225A642-5820-D4DE-1402-411124847551}.Release|Any CPU.Build.0 = Release|Any CPU
	EndGlobalSection
	GlobalSection(SolutionProperties) = preSolution
		HideSolutionNode = FALSE
	EndGlobalSection
EndGlobal
